// !$*UTF8*$!
{
	archiveVersion = 1;
	classes = {
	};
	objectVersion = 50;
	objects = {

/* Begin PBXBuildFile section */
		8A0E33D82386A85E007E02E9 /* BlogController.swift in Sources */ = {isa = PBXBuildFile; fileRef = 8A0E33D72386A85E007E02E9 /* BlogController.swift */; };
		8A0E33DA2386B769007E02E9 /* UIView + Extension.swift in Sources */ = {isa = PBXBuildFile; fileRef = 8A0E33D92386B769007E02E9 /* UIView + Extension.swift */; };
		8A19525C235071DE00F90673 /* AppDelegate.swift in Sources */ = {isa = PBXBuildFile; fileRef = 8A19525B235071DE00F90673 /* AppDelegate.swift */; };
		8A19525E235071DE00F90673 /* ViewController.swift in Sources */ = {isa = PBXBuildFile; fileRef = 8A19525D235071DE00F90673 /* ViewController.swift */; };
		8A195261235071DE00F90673 /* Main.storyboard in Resources */ = {isa = PBXBuildFile; fileRef = 8A19525F235071DE00F90673 /* Main.storyboard */; };
		8A195263235071E200F90673 /* Assets.xcassets in Resources */ = {isa = PBXBuildFile; fileRef = 8A195262235071E200F90673 /* Assets.xcassets */; };
		8A195266235071E200F90673 /* LaunchScreen.storyboard in Resources */ = {isa = PBXBuildFile; fileRef = 8A195264235071E200F90673 /* LaunchScreen.storyboard */; };
		8A2DF8E423B0B31E00DAA13A /* BlogCell.swift in Sources */ = {isa = PBXBuildFile; fileRef = 8A2DF8E323B0B31E00DAA13A /* BlogCell.swift */; };
		8A3A069A2372BB0900407950 /* BlogPreviewController.swift in Sources */ = {isa = PBXBuildFile; fileRef = 8A3A06992372BB0900407950 /* BlogPreviewController.swift */; };
		8A58759A238B8FA5007FF97C /* SearchController.swift in Sources */ = {isa = PBXBuildFile; fileRef = 8A587599238B8FA5007FF97C /* SearchController.swift */; };
		8A58759C238B9268007FF97C /* MakeBlogController.swift in Sources */ = {isa = PBXBuildFile; fileRef = 8A58759B238B9268007FF97C /* MakeBlogController.swift */; };
		8AAD22A5238E25B600557730 /* MakeBlogController + Extension.swift in Sources */ = {isa = PBXBuildFile; fileRef = 8AAD22A4238E25B600557730 /* MakeBlogController + Extension.swift */; };
		8AFE2FAE23545D8D006F7092 /* SplashController.swift in Sources */ = {isa = PBXBuildFile; fileRef = 8AFE2FAD23545D8D006F7092 /* SplashController.swift */; };
		8AFE2FB0235465CE006F7092 /* InitialController.swift in Sources */ = {isa = PBXBuildFile; fileRef = 8AFE2FAF235465CE006F7092 /* InitialController.swift */; };
/* End PBXBuildFile section */

/* Begin PBXFileReference section */
		8A0E33D72386A85E007E02E9 /* BlogController.swift */ = {isa = PBXFileReference; lastKnownFileType = sourcecode.swift; path = BlogController.swift; sourceTree = "<group>"; };
		8A0E33D92386B769007E02E9 /* UIView + Extension.swift */ = {isa = PBXFileReference; lastKnownFileType = sourcecode.swift; path = "UIView + Extension.swift"; sourceTree = "<group>"; };
		8A195258235071DE00F90673 /* Codelog.app */ = {isa = PBXFileReference; explicitFileType = wrapper.application; includeInIndex = 0; path = Codelog.app; sourceTree = BUILT_PRODUCTS_DIR; };
		8A19525B235071DE00F90673 /* AppDelegate.swift */ = {isa = PBXFileReference; lastKnownFileType = sourcecode.swift; path = AppDelegate.swift; sourceTree = "<group>"; };
		8A19525D235071DE00F90673 /* ViewController.swift */ = {isa = PBXFileReference; lastKnownFileType = sourcecode.swift; path = ViewController.swift; sourceTree = "<group>"; };
		8A195260235071DE00F90673 /* Base */ = {isa = PBXFileReference; lastKnownFileType = file.storyboard; name = Base; path = Base.lproj/Main.storyboard; sourceTree = "<group>"; };
		8A195262235071E200F90673 /* Assets.xcassets */ = {isa = PBXFileReference; lastKnownFileType = folder.assetcatalog; path = Assets.xcassets; sourceTree = "<group>"; };
		8A195265235071E200F90673 /* Base */ = {isa = PBXFileReference; lastKnownFileType = file.storyboard; name = Base; path = Base.lproj/LaunchScreen.storyboard; sourceTree = "<group>"; };
		8A195267235071E200F90673 /* Info.plist */ = {isa = PBXFileReference; lastKnownFileType = text.plist.xml; path = Info.plist; sourceTree = "<group>"; };
		8A2DF8E323B0B31E00DAA13A /* BlogCell.swift */ = {isa = PBXFileReference; lastKnownFileType = sourcecode.swift; path = BlogCell.swift; sourceTree = "<group>"; };
		8A3A06992372BB0900407950 /* BlogPreviewController.swift */ = {isa = PBXFileReference; lastKnownFileType = sourcecode.swift; path = BlogPreviewController.swift; sourceTree = "<group>"; };
		8A587599238B8FA5007FF97C /* SearchController.swift */ = {isa = PBXFileReference; lastKnownFileType = sourcecode.swift; path = SearchController.swift; sourceTree = "<group>"; };
		8A58759B238B9268007FF97C /* MakeBlogController.swift */ = {isa = PBXFileReference; lastKnownFileType = sourcecode.swift; path = MakeBlogController.swift; sourceTree = "<group>"; };
		8AAD22A4238E25B600557730 /* MakeBlogController + Extension.swift */ = {isa = PBXFileReference; lastKnownFileType = sourcecode.swift; path = "MakeBlogController + Extension.swift"; sourceTree = "<group>"; };
		8AFE2FAD23545D8D006F7092 /* SplashController.swift */ = {isa = PBXFileReference; lastKnownFileType = sourcecode.swift; path = SplashController.swift; sourceTree = "<group>"; };
		8AFE2FAF235465CE006F7092 /* InitialController.swift */ = {isa = PBXFileReference; lastKnownFileType = sourcecode.swift; path = InitialController.swift; sourceTree = "<group>"; };
/* End PBXFileReference section */

/* Begin PBXFrameworksBuildPhase section */
		8A195255235071DE00F90673 /* Frameworks */ = {
			isa = PBXFrameworksBuildPhase;
			buildActionMask = 2147483647;
			files = (
			);
			runOnlyForDeploymentPostprocessing = 0;
		};
/* End PBXFrameworksBuildPhase section */

/* Begin PBXGroup section */
		8A19524F235071DE00F90673 = {
			isa = PBXGroup;
			children = (
				8A19525A235071DE00F90673 /* Codelog */,
				8A195259235071DE00F90673 /* Products */,
			);
			sourceTree = "<group>";
		};
		8A195259235071DE00F90673 /* Products */ = {
			isa = PBXGroup;
			children = (
				8A195258235071DE00F90673 /* Codelog.app */,
			);
			name = Products;
			sourceTree = "<group>";
		};
		8A19525A235071DE00F90673 /* Codelog */ = {
			isa = PBXGroup;
			children = (
				8A19525B235071DE00F90673 /* AppDelegate.swift */,
				8A19525D235071DE00F90673 /* ViewController.swift */,
				8A19525F235071DE00F90673 /* Main.storyboard */,
				8A195262235071E200F90673 /* Assets.xcassets */,
				8A195264235071E200F90673 /* LaunchScreen.storyboard */,
				8A195267235071E200F90673 /* Info.plist */,
				8AFE2FAD23545D8D006F7092 /* SplashController.swift */,
				8AFE2FAF235465CE006F7092 /* InitialController.swift */,
				8A3A06992372BB0900407950 /* BlogPreviewController.swift */,
				8A0E33D72386A85E007E02E9 /* BlogController.swift */,
				8A0E33D92386B769007E02E9 /* UIView + Extension.swift */,
				8A587599238B8FA5007FF97C /* SearchController.swift */,
				8A58759B238B9268007FF97C /* MakeBlogController.swift */,
				8AAD22A4238E25B600557730 /* MakeBlogController + Extension.swift */,
				8A2DF8E323B0B31E00DAA13A /* BlogCell.swift */,
			);
			path = Codelog;
			sourceTree = "<group>";
		};
/* End PBXGroup section */

/* Begin PBXNativeTarget section */
		8A195257235071DE00F90673 /* Codelog */ = {
			isa = PBXNativeTarget;
			buildConfigurationList = 8A19526A235071E200F90673 /* Build configuration list for PBXNativeTarget "Codelog" */;
			buildPhases = (
				8A195254235071DE00F90673 /* Sources */,
				8A195255235071DE00F90673 /* Frameworks */,
				8A195256235071DE00F90673 /* Resources */,
			);
			buildRules = (
			);
			dependencies = (
			);
			name = Codelog;
			productName = Codelog;
			productReference = 8A195258235071DE00F90673 /* Codelog.app */;
			productType = "com.apple.product-type.application";
		};
/* End PBXNativeTarget section */

/* Begin PBXProject section */
		8A195250235071DE00F90673 /* Project object */ = {
			isa = PBXProject;
			attributes = {
				LastSwiftUpdateCheck = 1020;
				LastUpgradeCheck = 1020;
				ORGANIZATIONNAME = pirates;
				TargetAttributes = {
					8A195257235071DE00F90673 = {
						CreatedOnToolsVersion = 10.2.1;
					};
				};
			};
			buildConfigurationList = 8A195253235071DE00F90673 /* Build configuration list for PBXProject "Codelog" */;
			compatibilityVersion = "Xcode 9.3";
			developmentRegion = en;
			hasScannedForEncodings = 0;
			knownRegions = (
				en,
				Base,
			);
			mainGroup = 8A19524F235071DE00F90673;
			productRefGroup = 8A195259235071DE00F90673 /* Products */;
			projectDirPath = "";
			projectRoot = "";
			targets = (
				8A195257235071DE00F90673 /* Codelog */,
			);
		};
/* End PBXProject section */

/* Begin PBXResourcesBuildPhase section */
		8A195256235071DE00F90673 /* Resources */ = {
			isa = PBXResourcesBuildPhase;
			buildActionMask = 2147483647;
			files = (
				8A195266235071E200F90673 /* LaunchScreen.storyboard in Resources */,
				8A195263235071E200F90673 /* Assets.xcassets in Resources */,
				8A195261235071DE00F90673 /* Main.storyboard in Resources */,
			);
			runOnlyForDeploymentPostprocessing = 0;
		};
/* End PBXResourcesBuildPhase section */

/* Begin PBXSourcesBuildPhase section */
		8A195254235071DE00F90673 /* Sources */ = {
			isa = PBXSourcesBuildPhase;
			buildActionMask = 2147483647;
			files = (
				8AFE2FB0235465CE006F7092 /* InitialController.swift in Sources */,
				8A2DF8E423B0B31E00DAA13A /* BlogCell.swift in Sources */,
				8AAD22A5238E25B600557730 /* MakeBlogController + Extension.swift in Sources */,
				8A19525E235071DE00F90673 /* ViewController.swift in Sources */,
				8A19525C235071DE00F90673 /* AppDelegate.swift in Sources */,
				8A58759A238B8FA5007FF97C /* SearchController.swift in Sources */,
				8AFE2FAE23545D8D006F7092 /* SplashController.swift in Sources */,
				8A58759C238B9268007FF97C /* MakeBlogController.swift in Sources */,
				8A0E33DA2386B769007E02E9 /* UIView + Extension.swift in Sources */,
				8A3A069A2372BB0900407950 /* BlogPreviewController.swift in Sources */,
				8A0E33D82386A85E007E02E9 /* BlogController.swift in Sources */,
			);
			runOnlyForDeploymentPostprocessing = 0;
		};
/* End PBXSourcesBuildPhase section */

/* Begin PBXVariantGroup section */
		8A19525F235071DE00F90673 /* Main.storyboard */ = {
			isa = PBXVariantGroup;
			children = (
				8A195260235071DE00F90673 /* Base */,
			);
			name = Main.storyboard;
			sourceTree = "<group>";
		};
		8A195264235071E200F90673 /* LaunchScreen.storyboard */ = {
			isa = PBXVariantGroup;
			children = (
				8A195265235071E200F90673 /* Base */,
			);
			name = LaunchScreen.storyboard;
			sourceTree = "<group>";
		};
/* End PBXVariantGroup section */

/* Begin XCBuildConfiguration section */
		8A195268235071E200F90673 /* Debug */ = {
			isa = XCBuildConfiguration;
			buildSettings = {
				ALWAYS_SEARCH_USER_PATHS = NO;
				CLANG_ANALYZER_NONNULL = YES;
				CLANG_ANALYZER_NUMBER_OBJECT_CONVERSION = YES_AGGRESSIVE;
				CLANG_CXX_LANGUAGE_STANDARD = "gnu++14";
				CLANG_CXX_LIBRARY = "libc++";
				CLANG_ENABLE_MODULES = YES;
				CLANG_ENABLE_OBJC_ARC = YES;
				CLANG_ENABLE_OBJC_WEAK = YES;
				CLANG_WARN_BLOCK_CAPTURE_AUTORELEASING = YES;
				CLANG_WARN_BOOL_CONVERSION = YES;
				CLANG_WARN_COMMA = YES;
				CLANG_WARN_CONSTANT_CONVERSION = YES;
				CLANG_WARN_DEPRECATED_OBJC_IMPLEMENTATIONS = YES;
				CLANG_WARN_DIRECT_OBJC_ISA_USAGE = YES_ERROR;
				CLANG_WARN_DOCUMENTATION_COMMENTS = YES;
				CLANG_WARN_EMPTY_BODY = YES;
				CLANG_WARN_ENUM_CONVERSION = YES;
				CLANG_WARN_INFINITE_RECURSION = YES;
				CLANG_WARN_INT_CONVERSION = YES;
				CLANG_WARN_NON_LITERAL_NULL_CONVERSION = YES;
				CLANG_WARN_OBJC_IMPLICIT_RETAIN_SELF = YES;
				CLANG_WARN_OBJC_LITERAL_CONVERSION = YES;
				CLANG_WARN_OBJC_ROOT_CLASS = YES_ERROR;
				CLANG_WARN_RANGE_LOOP_ANALYSIS = YES;
				CLANG_WARN_STRICT_PROTOTYPES = YES;
				CLANG_WARN_SUSPICIOUS_MOVE = YES;
				CLANG_WARN_UNGUARDED_AVAILABILITY = YES_AGGRESSIVE;
				CLANG_WARN_UNREACHABLE_CODE = YES;
				CLANG_WARN__DUPLICATE_METHOD_MATCH = YES;
				CODE_SIGN_IDENTITY = "iPhone Developer";
				COPY_PHASE_STRIP = NO;
				DEBUG_INFORMATION_FORMAT = dwarf;
				ENABLE_STRICT_OBJC_MSGSEND = YES;
				ENABLE_TESTABILITY = YES;
				GCC_C_LANGUAGE_STANDARD = gnu11;
				GCC_DYNAMIC_NO_PIC = NO;
				GCC_NO_COMMON_BLOCKS = YES;
				GCC_OPTIMIZATION_LEVEL = 0;
				GCC_PREPROCESSOR_DEFINITIONS = (
					"DEBUG=1",
					"$(inherited)",
				);
				GCC_WARN_64_TO_32_BIT_CONVERSION = YES;
				GCC_WARN_ABOUT_RETURN_TYPE = YES_ERROR;
				GCC_WARN_UNDECLARED_SELECTOR = YES;
				GCC_WARN_UNINITIALIZED_AUTOS = YES_AGGRESSIVE;
				GCC_WARN_UNUSED_FUNCTION = YES;
				GCC_WARN_UNUSED_VARIABLE = YES;
				IPHONEOS_DEPLOYMENT_TARGET = 12.2;
				MTL_ENABLE_DEBUG_INFO = INCLUDE_SOURCE;
				MTL_FAST_MATH = YES;
				ONLY_ACTIVE_ARCH = YES;
				SDKROOT = iphoneos;
				SWIFT_ACTIVE_COMPILATION_CONDITIONS = DEBUG;
				SWIFT_OPTIMIZATION_LEVEL = "-Onone";
			};
			name = Debug;
		};
		8A195269235071E200F90673 /* Release */ = {
			isa = XCBuildConfiguration;
			buildSettings = {
				ALWAYS_SEARCH_USER_PATHS = NO;
				CLANG_ANALYZER_NONNULL = YES;
				CLANG_ANALYZER_NUMBER_OBJECT_CONVERSION = YES_AGGRESSIVE;
				CLANG_CXX_LANGUAGE_STANDARD = "gnu++14";
				CLANG_CXX_LIBRARY = "libc++";
				CLANG_ENABLE_MODULES = YES;
				CLANG_ENABLE_OBJC_ARC = YES;
				CLANG_ENABLE_OBJC_WEAK = YES;
				CLANG_WARN_BLOCK_CAPTURE_AUTORELEASING = YES;
				CLANG_WARN_BOOL_CONVERSION = YES;
				CLANG_WARN_COMMA = YES;
				CLANG_WARN_CONSTANT_CONVERSION = YES;
				CLANG_WARN_DEPRECATED_OBJC_IMPLEMENTATIONS = YES;
				CLANG_WARN_DIRECT_OBJC_ISA_USAGE = YES_ERROR;
				CLANG_WARN_DOCUMENTATION_COMMENTS = YES;
				CLANG_WARN_EMPTY_BODY = YES;
				CLANG_WARN_ENUM_CONVERSION = YES;
				CLANG_WARN_INFINITE_RECURSION = YES;
				CLANG_WARN_INT_CONVERSION = YES;
				CLANG_WARN_NON_LITERAL_NULL_CONVERSION = YES;
				CLANG_WARN_OBJC_IMPLICIT_RETAIN_SELF = YES;
				CLANG_WARN_OBJC_LITERAL_CONVERSION = YES;
				CLANG_WARN_OBJC_ROOT_CLASS = YES_ERROR;
				CLANG_WARN_RANGE_LOOP_ANALYSIS = YES;
				CLANG_WARN_STRICT_PROTOTYPES = YES;
				CLANG_WARN_SUSPICIOUS_MOVE = YES;
				CLANG_WARN_UNGUARDED_AVAILABILITY = YES_AGGRESSIVE;
				CLANG_WARN_UNREACHABLE_CODE = YES;
				CLANG_WARN__DUPLICATE_METHOD_MATCH = YES;
				CODE_SIGN_IDENTITY = "iPhone Developer";
				COPY_PHASE_STRIP = NO;
				DEBUG_INFORMATION_FORMAT = "dwarf-with-dsym";
				ENABLE_NS_ASSERTIONS = NO;
				ENABLE_STRICT_OBJC_MSGSEND = YES;
				GCC_C_LANGUAGE_STANDARD = gnu11;
				GCC_NO_COMMON_BLOCKS = YES;
				GCC_WARN_64_TO_32_BIT_CONVERSION = YES;
				GCC_WARN_ABOUT_RETURN_TYPE = YES_ERROR;
				GCC_WARN_UNDECLARED_SELECTOR = YES;
				GCC_WARN_UNINITIALIZED_AUTOS = YES_AGGRESSIVE;
				GCC_WARN_UNUSED_FUNCTION = YES;
				GCC_WARN_UNUSED_VARIABLE = YES;
				IPHONEOS_DEPLOYMENT_TARGET = 12.2;
				MTL_ENABLE_DEBUG_INFO = NO;
				MTL_FAST_MATH = YES;
				SDKROOT = iphoneos;
				SWIFT_COMPILATION_MODE = wholemodule;
				SWIFT_OPTIMIZATION_LEVEL = "-O";
				VALIDATE_PRODUCT = YES;
			};
			name = Release;
		};
		8A19526B235071E200F90673 /* Debug */ = {
			isa = XCBuildConfiguration;
			buildSettings = {
				ASSETCATALOG_COMPILER_APPICON_NAME = AppIcon;
				CODE_SIGN_STYLE = Automatic;
				DEVELOPMENT_TEAM = S3Z7252Y4A;
				INFOPLIST_FILE = Codelog/Info.plist;
				LD_RUNPATH_SEARCH_PATHS = (
					"$(inherited)",
					"@executable_path/Frameworks",
				);
				PRODUCT_BUNDLE_IDENTIFIER = com.pirates.Codelog;
				PRODUCT_NAME = "$(TARGET_NAME)";
				SWIFT_VERSION = 5.0;
				TARGETED_DEVICE_FAMILY = "1,2";
			};
			name = Debug;
		};
		8A19526C235071E200F90673 /* Release */ = {
			isa = XCBuildConfiguration;
			buildSettings = {
				ASSETCATALOG_COMPILER_APPICON_NAME = AppIcon;
				CODE_SIGN_STYLE = Automatic;
				DEVELOPMENT_TEAM = S3Z7252Y4A;
				INFOPLIST_FILE = Codelog/Info.plist;
				LD_RUNPATH_SEARCH_PATHS = (
					"$(inherited)",
					"@executable_path/Frameworks",
				);
				PRODUCT_BUNDLE_IDENTIFIER = com.pirates.Codelog;
				PRODUCT_NAME = "$(TARGET_NAME)";
				SWIFT_VERSION = 5.0;
				TARGETED_DEVICE_FAMILY = "1,2";
			};
			name = Release;
		};
/* End XCBuildConfiguration section */

/* Begin XCConfigurationList section */
		8A195253235071DE00F90673 /* Build configuration list for PBXProject "Codelog" */ = {
			isa = XCConfigurationList;
			buildConfigurations = (
				8A195268235071E200F90673 /* Debug */,
				8A195269235071E200F90673 /* Release */,
			);
			defaultConfigurationIsVisible = 0;
			defaultConfigurationName = Release;
		};
		8A19526A235071E200F90673 /* Build configuration list for PBXNativeTarget "Codelog" */ = {
			isa = XCConfigurationList;
			buildConfigurations = (
				8A19526B235071E200F90673 /* Debug */,
				8A19526C235071E200F90673 /* Release */,
			);
			defaultConfigurationIsVisible = 0;
			defaultConfigurationName = Release;
		};
/* End XCConfigurationList section */
	};
	rootObject = 8A195250235071DE00F90673 /* Project object */;
}
